
Microsoft Visual Studio Solution File, Format Version 12.00
# Visual Studio Version 17
VisualStudioVersion = 17.6.33723.286
MinimumVisualStudioVersion = 10.0.40219.1
Project("{FAE04EC0-301F-11D3-BF4B-00C04F79EFBC}") = "IMSwebApi", "IMSwebApi.csproj", "{8113EE79-55F3-4792-9E25-CEA3B9B3201E}"
EndProject
Global
	GlobalSection(SolutionConfigurationPlatforms) = preSolution
		Debug|Any CPU = Debug|Any CPU
		Release|Any CPU = Release|Any CPU
	EndGlobalSection
	GlobalSection(ProjectConfigurationPlatforms) = postSolution
		{8113EE79-55F3-4792-9E25-CEA3B9B3201E}.Debug|Any CPU.ActiveCfg = Debug|Any CPU
		{8113EE79-55F3-4792-9E25-CEA3B9B3201E}.Debug|Any CPU.Build.0 = Debug|Any CPU
		{8113EE79-55F3-4792-9E25-CEA3B9B3201E}.Release|Any CPU.ActiveCfg = Release|Any CPU
		{8113EE79-55F3-4792-9E25-CEA3B9B3201E}.Release|Any CPU.Build.0 = Release|Any CPU
	EndGlobalSection
	GlobalSection(SolutionProperties) = preSolution
		HideSolutionNode = FALSE
	EndGlobalSection
	GlobalSection(ExtensibilityGlobals) = postSolution
		SolutionGuid = {FDD2D193-E065-4D3D-A044-8D151DDDCD77}
	EndGlobalSection
EndGlobal
